<?xml version="1.0" encoding="utf-8"?>
<Project ToolsVersion="4.0" xmlns="http://schemas.microsoft.com/developer/msbuild/2003">
  <ItemGroup>
    <Filter Include="Source Files">
      <UniqueIdentifier>{2b1b89c0-74f7-4c46-9352-1e59b89be9d0}</UniqueIdentifier>
      <Extensions>cpp;c;cxx;rc;def;r;odl;idl;hpj;bat</Extensions>
    </Filter>
    <Filter Include="Header Files">
      <UniqueIdentifier>{327766cb-1f80-4730-8e38-6da75d9ead34}</UniqueIdentifier>
      <Extensions>h;hpp;hxx;hm;inl</Extensions>
    </Filter>
    <Filter Include="Resource Files">
      <UniqueIdentifier>{0efaaad8-244f-4286-9dcd-664b4c2625e6}</UniqueIdentifier>
      <Extensions>ico;cur;bmp;dlg;rc2;rct;bin;rgs;gif;jpg;jpeg;jpe</Extensions>
    </Filter>
  </ItemGroup>
  <ItemGroup>
    <ClCompile Include="CarSim.cpp">
      <Filter>Source Files</Filter>
    </ClCompile>
    <ClCompile Include="CarSimDoc.cpp">
      <Filter>Source Files</Filter>
    </ClCompile>
    <ClCompile Include="CarSimView.cpp">
      <Filter>Source Files</Filter>
    </ClCompile>
    <ClCompile Include="lineobject.cpp">
      <Filter>Source Files</Filter>
    </ClCompile>
    <ClCompile Include="MainFrm.cpp">
      <Filter>Source Files</Filter>
    </ClCompile>
    <ClCompile Include="StdAfx.cpp">
      <Filter>Source Files</Filter>
    </ClCompile>
    <ClCompile Include="TheSimCar.cpp">
      <Filter>Source Files</Filter>
    </ClCompile>
    <ClCompile Include="ZOOMVIEW.CPP">
      <Filter>Source Files</Filter>
    </ClCompile>
  </ItemGroup>
  <ItemGroup>
    <ResourceCompile Include="CarSim.rc">
      <Filter>Source Files</Filter>
    </ResourceCompile>
  </ItemGroup>
  <ItemGroup>
    <ClInclude Include="CarSim.h">
      <Filter>Header Files</Filter>
    </ClInclude>
    <ClInclude Include="CarSimDoc.h">
      <Filter>Header Files</Filter>
    </ClInclude>
    <ClInclude Include="CarSimView.h">
      <Filter>Header Files</Filter>
    </ClInclude>
    <ClInclude Include="MainFrm.h">
      <Filter>Header Files</Filter>
    </ClInclude>
    <ClInclude Include="Resource.h">
      <Filter>Header Files</Filter>
    </ClInclude>
    <ClInclude Include="StdAfx.h">
      <Filter>Header Files</Filter>
    </ClInclude>
    <ClInclude Include="TheSimCar.h">
      <Filter>Header Files</Filter>
    </ClInclude>
    <ClInclude Include="WorldObjects.h">
      <Filter>Header Files</Filter>
    </ClInclude>
    <ClInclude Include="ZOOMVIEW.H">
      <Filter>Header Files</Filter>
    </ClInclude>
  </ItemGroup>
  <ItemGroup>
    <Image Include="res\CarSim.ico">
      <Filter>Resource Files</Filter>
    </Image>
    <Image Include="res\CarSimDoc.ico">
      <Filter>Resource Files</Filter>
    </Image>
    <Image Include="res\Toolbar.bmp">
      <Filter>Resource Files</Filter>
    </Image>
  </ItemGroup>
  <ItemGroup>
    <Text Include="ReadMe.txt" />
  </ItemGroup>
  <ItemGroup>
    <CustomBuild Include="res\CarSim.rc2">
      <Filter>Resource Files</Filter>
    </CustomBuild>
    <CustomBuild Include="res\ZOOMCURS.CUR">
      <Filter>Resource Files</Filter>
    </CustomBuild>
  </ItemGroup>
</Project>